hash: 4099dc5aaaaf5044c3f1f9021f6f11733a3e8088f1b5e04b6a443b8b81bc2a63
updated: 2017-02-16T10:33:40.761085873+01:00
imports:
- name: github.com/Jeffail/gabs
  version: 2a3aa15961d5fee6047b8151b67ac2f08ba2c48c
- name: github.com/microcosm-cc/bluemonday
  version: e79763773ab6222ca1d5a7cbd9d62d83c1f77081
- name: github.com/moul/http2curl
  version: 1812aee76a1ce98d604a44200c6a23c689b17a89
- name: github.com/parnurzeal/gorequest
  version: 2aea80ce763523ecc6452e61c3727ae9595a5809
- name: github.com/patrickmn/go-cache
  version: 1881a9bccb818787f68c52bfba648c6cf34c34fa
- name: github.com/pressly/chi
  version: 54f435d539226571eab1987ed862b1c0fdfdc892
- name: github.com/unrolled/render
  version: 50716a0a853771bb36bfce61a45cdefdb98c2e6e
- name: golang.org/x/net
  version: f315505cf3349909cdf013ea56690da34e96a451
  subpackages:
  - html
  - html/atom
  - publicsuffix
testImports: []
